
Microsoft Visual Studio Solution File, Format Version 12.00
# Visual Studio 14
VisualStudioVersion = 14.0.24720.0
MinimumVisualStudioVersion = 10.0.40219.1
Project("{151D2E53-A2C4-4D7D-83FE-D05416EBD58E}") = "01-IaaS", "01-IaaS\01-IaaS.deployproj", "{217AFB29-E06F-4EF4-8034-C7F6194D26B2}"
EndProject
Project("{151D2E53-A2C4-4D7D-83FE-D05416EBD58E}") = "00-Basics", "00-Basics\00-Basics.deployproj", "{297A21E1-E80A-4EDB-A9C0-1F50FDDECA61}"
EndProject
Project("{2150E333-8FDC-42A3-9474-1A3956D46DE8}") = "Solution Items", "Solution Items", "{3B3C4EDB-D4D5-43CB-AC7F-C990CC216656}"
	ProjectSection(SolutionItems) = preProject
		00-Basics.md = 00-Basics.md
		01-IaaS.md = 01-IaaS.md
		README.md = README.md
	EndProjectSection
EndProject
Project("{151D2E53-A2C4-4D7D-83FE-D05416EBD58E}") = "02-PaaS", "02-PaaS\02-PaaS.deployproj", "{ACF93F78-0267-454E-9C4C-9C942197BA9B}"
EndProject
Global
	GlobalSection(SolutionConfigurationPlatforms) = preSolution
		Debug|Any CPU = Debug|Any CPU
		Release|Any CPU = Release|Any CPU
	EndGlobalSection
	GlobalSection(ProjectConfigurationPlatforms) = postSolution
		{217AFB29-E06F-4EF4-8034-C7F6194D26B2}.Debug|Any CPU.ActiveCfg = Debug|Any CPU
		{217AFB29-E06F-4EF4-8034-C7F6194D26B2}.Debug|Any CPU.Build.0 = Debug|Any CPU
		{217AFB29-E06F-4EF4-8034-C7F6194D26B2}.Release|Any CPU.ActiveCfg = Release|Any CPU
		{217AFB29-E06F-4EF4-8034-C7F6194D26B2}.Release|Any CPU.Build.0 = Release|Any CPU
		{297A21E1-E80A-4EDB-A9C0-1F50FDDECA61}.Debug|Any CPU.ActiveCfg = Debug|Any CPU
		{297A21E1-E80A-4EDB-A9C0-1F50FDDECA61}.Debug|Any CPU.Build.0 = Debug|Any CPU
		{297A21E1-E80A-4EDB-A9C0-1F50FDDECA61}.Release|Any CPU.ActiveCfg = Release|Any CPU
		{297A21E1-E80A-4EDB-A9C0-1F50FDDECA61}.Release|Any CPU.Build.0 = Release|Any CPU
		{ACF93F78-0267-454E-9C4C-9C942197BA9B}.Debug|Any CPU.ActiveCfg = Debug|Any CPU
		{ACF93F78-0267-454E-9C4C-9C942197BA9B}.Debug|Any CPU.Build.0 = Debug|Any CPU
		{ACF93F78-0267-454E-9C4C-9C942197BA9B}.Release|Any CPU.ActiveCfg = Release|Any CPU
		{ACF93F78-0267-454E-9C4C-9C942197BA9B}.Release|Any CPU.Build.0 = Release|Any CPU
	EndGlobalSection
	GlobalSection(SolutionProperties) = preSolution
		HideSolutionNode = FALSE
	EndGlobalSection
EndGlobal
